
Microsoft Visual Studio Solution File, Format Version 12.00
# Visual Studio Version 16
VisualStudioVersion = 16.0.32602.291
MinimumVisualStudioVersion = 10.0.40219.1
Project("{FAE04EC0-301F-11D3-BF4B-00C04F79EFBC}") = "WebAPI_BDNOTAS2020", "WebAPI_BDNOTAS2020\WebAPI_BDNOTAS2020.csproj", "{DDCE5A82-FEDF-4732-985C-34877AFE31CF}"
EndProject
Global
	GlobalSection(SolutionConfigurationPlatforms) = preSolution
		Debug|Any CPU = Debug|Any CPU
		Release|Any CPU = Release|Any CPU
	EndGlobalSection
	GlobalSection(ProjectConfigurationPlatforms) = postSolution
		{DDCE5A82-FEDF-4732-985C-34877AFE31CF}.Debug|Any CPU.ActiveCfg = Debug|Any CPU
		{DDCE5A82-FEDF-4732-985C-34877AFE31CF}.Debug|Any CPU.Build.0 = Debug|Any CPU
		{DDCE5A82-FEDF-4732-985C-34877AFE31CF}.Release|Any CPU.ActiveCfg = Release|Any CPU
		{DDCE5A82-FEDF-4732-985C-34877AFE31CF}.Release|Any CPU.Build.0 = Release|Any CPU
	EndGlobalSection
	GlobalSection(SolutionProperties) = preSolution
		HideSolutionNode = FALSE
	EndGlobalSection
	GlobalSection(ExtensibilityGlobals) = postSolution
		SolutionGuid = {16C5E717-7C20-4865-8B00-0A61C694BA32}
	EndGlobalSection
EndGlobal
